// !$*UTF8*$!
{
	archiveVersion = 1;
	classes = {
	};
	objectVersion = 50;
	objects = {

/* Begin PBXBuildFile section */
		D00D47A625F4567B001CCF5C /* AppDelegate.swift in Sources */ = {isa = PBXBuildFile; fileRef = D00D47A525F4567B001CCF5C /* AppDelegate.swift */; };
		D00D47A825F4567B001CCF5C /* SceneDelegate.swift in Sources */ = {isa = PBXBuildFile; fileRef = D00D47A725F4567B001CCF5C /* SceneDelegate.swift */; };
		D00D47AA25F4567B001CCF5C /* ViewController.swift in Sources */ = {isa = PBXBuildFile; fileRef = D00D47A925F4567B001CCF5C /* ViewController.swift */; };
		D00D47AD25F4567B001CCF5C /* Main.storyboard in Resources */ = {isa = PBXBuildFile; fileRef = D00D47AB25F4567B001CCF5C /* Main.storyboard */; };
		D00D47AF25F4567C001CCF5C /* Assets.xcassets in Resources */ = {isa = PBXBuildFile; fileRef = D00D47AE25F4567C001CCF5C /* Assets.xcassets */; };
		D00D47B225F4567C001CCF5C /* LaunchScreen.storyboard in Resources */ = {isa = PBXBuildFile; fileRef = D00D47B025F4567C001CCF5C /* LaunchScreen.storyboard */; };
		D00D47BD25F4567C001CCF5C /* ParstagramTests.swift in Sources */ = {isa = PBXBuildFile; fileRef = D00D47BC25F4567C001CCF5C /* ParstagramTests.swift */; };
		D00D47C825F4567C001CCF5C /* ParstagramUITests.swift in Sources */ = {isa = PBXBuildFile; fileRef = D00D47C725F4567C001CCF5C /* ParstagramUITests.swift */; };
/* End PBXBuildFile section */

/* Begin PBXContainerItemProxy section */
		D00D47B925F4567C001CCF5C /* PBXContainerItemProxy */ = {
			isa = PBXContainerItemProxy;
			containerPortal = D00D479A25F4567B001CCF5C /* Project object */;
			proxyType = 1;
			remoteGlobalIDString = D00D47A125F4567B001CCF5C;
			remoteInfo = Parstagram;
		};
		D00D47C425F4567C001CCF5C /* PBXContainerItemProxy */ = {
			isa = PBXContainerItemProxy;
			containerPortal = D00D479A25F4567B001CCF5C /* Project object */;
			proxyType = 1;
			remoteGlobalIDString = D00D47A125F4567B001CCF5C;
			remoteInfo = Parstagram;
		};
/* End PBXContainerItemProxy section */

/* Begin PBXFileReference section */
		D00D47A225F4567B001CCF5C /* Parstagram.app */ = {isa = PBXFileReference; explicitFileType = wrapper.application; includeInIndex = 0; path = Parstagram.app; sourceTree = BUILT_PRODUCTS_DIR; };
		D00D47A525F4567B001CCF5C /* AppDelegate.swift */ = {isa = PBXFileReference; lastKnownFileType = sourcecode.swift; path = AppDelegate.swift; sourceTree = "<group>"; };
		D00D47A725F4567B001CCF5C /* SceneDelegate.swift */ = {isa = PBXFileReference; lastKnownFileType = sourcecode.swift; path = SceneDelegate.swift; sourceTree = "<group>"; };
		D00D47A925F4567B001CCF5C /* ViewController.swift */ = {isa = PBXFileReference; lastKnownFileType = sourcecode.swift; path = ViewController.swift; sourceTree = "<group>"; };
		D00D47AC25F4567B001CCF5C /* Base */ = {isa = PBXFileReference; lastKnownFileType = file.storyboard; name = Base; path = Base.lproj/Main.storyboard; sourceTree = "<group>"; };
		D00D47AE25F4567C001CCF5C /* Assets.xcassets */ = {isa = PBXFileReference; lastKnownFileType = folder.assetcatalog; path = Assets.xcassets; sourceTree = "<group>"; };
		D00D47B125F4567C001CCF5C /* Base */ = {isa = PBXFileReference; lastKnownFileType = file.storyboard; name = Base; path = Base.lproj/LaunchScreen.storyboard; sourceTree = "<group>"; };
		D00D47B325F4567C001CCF5C /* Info.plist */ = {isa = PBXFileReference; lastKnownFileType = text.plist.xml; path = Info.plist; sourceTree = "<group>"; };
		D00D47B825F4567C001CCF5C /* ParstagramTests.xctest */ = {isa = PBXFileReference; explicitFileType = wrapper.cfbundle; includeInIndex = 0; path = ParstagramTests.xctest; sourceTree = BUILT_PRODUCTS_DIR; };
		D00D47BC25F4567C001CCF5C /* ParstagramTests.swift */ = {isa = PBXFileReference; lastKnownFileType = sourcecode.swift; path = ParstagramTests.swift; sourceTree = "<group>"; };
		D00D47BE25F4567C001CCF5C /* Info.plist */ = {isa = PBXFileReference; lastKnownFileType = text.plist.xml; path = Info.plist; sourceTree = "<group>"; };
		D00D47C325F4567C001CCF5C /* ParstagramUITests.xctest */ = {isa = PBXFileReference; explicitFileType = wrapper.cfbundle; includeInIndex = 0; path = ParstagramUITests.xctest; sourceTree = BUILT_PRODUCTS_DIR; };
		D00D47C725F4567C001CCF5C /* ParstagramUITests.swift */ = {isa = PBXFileReference; lastKnownFileType = sourcecode.swift; path = ParstagramUITests.swift; sourceTree = "<group>"; };
		D00D47C925F4567C001CCF5C /* Info.plist */ = {isa = PBXFileReference; lastKnownFileType = text.plist.xml; path = Info.plist; sourceTree = "<group>"; };
/* End PBXFileReference section */

/* Begin PBXFrameworksBuildPhase section */
		D00D479F25F4567B001CCF5C /* Frameworks */ = {
			isa = PBXFrameworksBuildPhase;
			buildActionMask = 2147483647;
			files = (
			);
			runOnlyForDeploymentPostprocessing = 0;
		};
		D00D47B525F4567C001CCF5C /* Frameworks */ = {
			isa = PBXFrameworksBuildPhase;
			buildActionMask = 2147483647;
			files = (
			);
			runOnlyForDeploymentPostprocessing = 0;
		};
		D00D47C025F4567C001CCF5C /* Frameworks */ = {
			isa = PBXFrameworksBuildPhase;
			buildActionMask = 2147483647;
			files = (
			);
			runOnlyForDeploymentPostprocessing = 0;
		};
/* End PBXFrameworksBuildPhase section */

/* Begin PBXGroup section */
		D00D479925F4567B001CCF5C = {
			isa = PBXGroup;
			children = (
				D00D47A425F4567B001CCF5C /* Parstagram */,
				D00D47BB25F4567C001CCF5C /* ParstagramTests */,
				D00D47C625F4567C001CCF5C /* ParstagramUITests */,
				D00D47A325F4567B001CCF5C /* Products */,
			);
			sourceTree = "<group>";
		};
		D00D47A325F4567B001CCF5C /* Products */ = {
			isa = PBXGroup;
			children = (
				D00D47A225F4567B001CCF5C /* Parstagram.app */,
				D00D47B825F4567C001CCF5C /* ParstagramTests.xctest */,
				D00D47C325F4567C001CCF5C /* ParstagramUITests.xctest */,
			);
			name = Products;
			sourceTree = "<group>";
		};
		D00D47A425F4567B001CCF5C /* Parstagram */ = {
			isa = PBXGroup;
			children = (
				D00D47A525F4567B001CCF5C /* AppDelegate.swift */,
				D00D47A725F4567B001CCF5C /* SceneDelegate.swift */,
				D00D47A925F4567B001CCF5C /* ViewController.swift */,
				D00D47AB25F4567B001CCF5C /* Main.storyboard */,
				D00D47AE25F4567C001CCF5C /* Assets.xcassets */,
				D00D47B025F4567C001CCF5C /* LaunchScreen.storyboard */,
				D00D47B325F4567C001CCF5C /* Info.plist */,
			);
			path = Parstagram;
			sourceTree = "<group>";
		};
		D00D47BB25F4567C001CCF5C /* ParstagramTests */ = {
			isa = PBXGroup;
			children = (
				D00D47BC25F4567C001CCF5C /* ParstagramTests.swift */,
				D00D47BE25F4567C001CCF5C /* Info.plist */,
			);
			path = ParstagramTests;
			sourceTree = "<group>";
		};
		D00D47C625F4567C001CCF5C /* ParstagramUITests */ = {
			isa = PBXGroup;
			children = (
				D00D47C725F4567C001CCF5C /* ParstagramUITests.swift */,
				D00D47C925F4567C001CCF5C /* Info.plist */,
			);
			path = ParstagramUITests;
			sourceTree = "<group>";
		};
/* End PBXGroup section */

/* Begin PBXNativeTarget section */
		D00D47A125F4567B001CCF5C /* Parstagram */ = {
			isa = PBXNativeTarget;
			buildConfigurationList = D00D47CC25F4567C001CCF5C /* Build configuration list for PBXNativeTarget "Parstagram" */;
			buildPhases = (
				D00D479E25F4567B001CCF5C /* Sources */,
				D00D479F25F4567B001CCF5C /* Frameworks */,
				D00D47A025F4567B001CCF5C /* Resources */,
			);
			buildRules = (
			);
			dependencies = (
			);
			name = Parstagram;
			productName = Parstagram;
			productReference = D00D47A225F4567B001CCF5C /* Parstagram.app */;
			productType = "com.apple.product-type.application";
		};
		D00D47B725F4567C001CCF5C /* ParstagramTests */ = {
			isa = PBXNativeTarget;
			buildConfigurationList = D00D47CF25F4567C001CCF5C /* Build configuration list for PBXNativeTarget "ParstagramTests" */;
			buildPhases = (
				D00D47B425F4567C001CCF5C /* Sources */,
				D00D47B525F4567C001CCF5C /* Frameworks */,
				D00D47B625F4567C001CCF5C /* Resources */,
			);
			buildRules = (
			);
			dependencies = (
				D00D47BA25F4567C001CCF5C /* PBXTargetDependency */,
			);
			name = ParstagramTests;
			productName = ParstagramTests;
			productReference = D00D47B825F4567C001CCF5C /* ParstagramTests.xctest */;
			productType = "com.apple.product-type.bundle.unit-test";
		};
		D00D47C225F4567C001CCF5C /* ParstagramUITests */ = {
			isa = PBXNativeTarget;
			buildConfigurationList = D00D47D225F4567C001CCF5C /* Build configuration list for PBXNativeTarget "ParstagramUITests" */;
			buildPhases = (
				D00D47BF25F4567C001CCF5C /* Sources */,
				D00D47C025F4567C001CCF5C /* Frameworks */,
				D00D47C125F4567C001CCF5C /* Resources */,
			);
			buildRules = (
			);
			dependencies = (
				D00D47C525F4567C001CCF5C /* PBXTargetDependency */,
			);
			name = ParstagramUITests;
			productName = ParstagramUITests;
			productReference = D00D47C325F4567C001CCF5C /* ParstagramUITests.xctest */;
			productType = "com.apple.product-type.bundle.ui-testing";
		};
/* End PBXNativeTarget section */

/* Begin PBXProject section */
		D00D479A25F4567B001CCF5C /* Project object */ = {
			isa = PBXProject;
			attributes = {
				LastSwiftUpdateCheck = 1240;
				LastUpgradeCheck = 1240;
				TargetAttributes = {
					D00D47A125F4567B001CCF5C = {
						CreatedOnToolsVersion = 12.4;
					};
					D00D47B725F4567C001CCF5C = {
						CreatedOnToolsVersion = 12.4;
						TestTargetID = D00D47A125F4567B001CCF5C;
					};
					D00D47C225F4567C001CCF5C = {
						CreatedOnToolsVersion = 12.4;
						TestTargetID = D00D47A125F4567B001CCF5C;
					};
				};
			};
			buildConfigurationList = D00D479D25F4567B001CCF5C /* Build configuration list for PBXProject "Parstagram" */;
			compatibilityVersion = "Xcode 9.3";
			developmentRegion = en;
			hasScannedForEncodings = 0;
			knownRegions = (
				en,
				Base,
			);
			mainGroup = D00D479925F4567B001CCF5C;
			productRefGroup = D00D47A325F4567B001CCF5C /* Products */;
			projectDirPath = "";
			projectRoot = "";
			targets = (
				D00D47A125F4567B001CCF5C /* Parstagram */,
				D00D47B725F4567C001CCF5C /* ParstagramTests */,
				D00D47C225F4567C001CCF5C /* ParstagramUITests */,
			);
		};
/* End PBXProject section */

/* Begin PBXResourcesBuildPhase section */
		D00D47A025F4567B001CCF5C /* Resources */ = {
			isa = PBXResourcesBuildPhase;
			buildActionMask = 2147483647;
			files = (
				D00D47B225F4567C001CCF5C /* LaunchScreen.storyboard in Resources */,
				D00D47AF25F4567C001CCF5C /* Assets.xcassets in Resources */,
				D00D47AD25F4567B001CCF5C /* Main.storyboard in Resources */,
			);
			runOnlyForDeploymentPostprocessing = 0;
		};
		D00D47B625F4567C001CCF5C /* Resources */ = {
			isa = PBXResourcesBuildPhase;
			buildActionMask = 2147483647;
			files = (
			);
			runOnlyForDeploymentPostprocessing = 0;
		};
		D00D47C125F4567C001CCF5C /* Resources */ = {
			isa = PBXResourcesBuildPhase;
			buildActionMask = 2147483647;
			files = (
			);
			runOnlyForDeploymentPostprocessing = 0;
		};
/* End PBXResourcesBuildPhase section */

/* Begin PBXSourcesBuildPhase section */
		D00D479E25F4567B001CCF5C /* Sources */ = {
			isa = PBXSourcesBuildPhase;
			buildActionMask = 2147483647;
			files = (
				D00D47AA25F4567B001CCF5C /* ViewController.swift in Sources */,
				D00D47A625F4567B001CCF5C /* AppDelegate.swift in Sources */,
				D00D47A825F4567B001CCF5C /* SceneDelegate.swift in Sources */,
			);
			runOnlyForDeploymentPostprocessing = 0;
		};
		D00D47B425F4567C001CCF5C /* Sources */ = {
			isa = PBXSourcesBuildPhase;
			buildActionMask = 2147483647;
			files = (
				D00D47BD25F4567C001CCF5C /* ParstagramTests.swift in Sources */,
			);
			runOnlyForDeploymentPostprocessing = 0;
		};
		D00D47BF25F4567C001CCF5C /* Sources */ = {
			isa = PBXSourcesBuildPhase;
			buildActionMask = 2147483647;
			files = (
				D00D47C825F4567C001CCF5C /* ParstagramUITests.swift in Sources */,
			);
			runOnlyForDeploymentPostprocessing = 0;
		};
/* End PBXSourcesBuildPhase section */

/* Begin PBXTargetDependency section */
		D00D47BA25F4567C001CCF5C /* PBXTargetDependency */ = {
			isa = PBXTargetDependency;
			target = D00D47A125F4567B001CCF5C /* Parstagram */;
			targetProxy = D00D47B925F4567C001CCF5C /* PBXContainerItemProxy */;
		};
		D00D47C525F4567C001CCF5C /* PBXTargetDependency */ = {
			isa = PBXTargetDependency;
			target = D00D47A125F4567B001CCF5C /* Parstagram */;
			targetProxy = D00D47C425F4567C001CCF5C /* PBXContainerItemProxy */;
		};
/* End PBXTargetDependency section */

/* Begin PBXVariantGroup section */
		D00D47AB25F4567B001CCF5C /* Main.storyboard */ = {
			isa = PBXVariantGroup;
			children = (
				D00D47AC25F4567B001CCF5C /* Base */,
			);
			name = Main.storyboard;
			sourceTree = "<group>";
		};
		D00D47B025F4567C001CCF5C /* LaunchScreen.storyboard */ = {
			isa = PBXVariantGroup;
			children = (
				D00D47B125F4567C001CCF5C /* Base */,
			);
			name = LaunchScreen.storyboard;
			sourceTree = "<group>";
		};
/* End PBXVariantGroup section */

/* Begin XCBuildConfiguration section */
		D00D47CA25F4567C001CCF5C /* Debug */ = {
			isa = XCBuildConfiguration;
			buildSettings = {
				ALWAYS_SEARCH_USER_PATHS = NO;
				CLANG_ANALYZER_NONNULL = YES;
				CLANG_ANALYZER_NUMBER_OBJECT_CONVERSION = YES_AGGRESSIVE;
				CLANG_CXX_LANGUAGE_STANDARD = "gnu++14";
				CLANG_CXX_LIBRARY = "libc++";
				CLANG_ENABLE_MODULES = YES;
				CLANG_ENABLE_OBJC_ARC = YES;
				CLANG_ENABLE_OBJC_WEAK = YES;
				CLANG_WARN_BLOCK_CAPTURE_AUTORELEASING = YES;
				CLANG_WARN_BOOL_CONVERSION = YES;
				CLANG_WARN_COMMA = YES;
				CLANG_WARN_CONSTANT_CONVERSION = YES;
				CLANG_WARN_DEPRECATED_OBJC_IMPLEMENTATIONS = YES;
				CLANG_WARN_DIRECT_OBJC_ISA_USAGE = YES_ERROR;
				CLANG_WARN_DOCUMENTATION_COMMENTS = YES;
				CLANG_WARN_EMPTY_BODY = YES;
				CLANG_WARN_ENUM_CONVERSION = YES;
				CLANG_WARN_INFINITE_RECURSION = YES;
				CLANG_WARN_INT_CONVERSION = YES;
				CLANG_WARN_NON_LITERAL_NULL_CONVERSION = YES;
				CLANG_WARN_OBJC_IMPLICIT_RETAIN_SELF = YES;
				CLANG_WARN_OBJC_LITERAL_CONVERSION = YES;
				CLANG_WARN_OBJC_ROOT_CLASS = YES_ERROR;
				CLANG_WARN_QUOTED_INCLUDE_IN_FRAMEWORK_HEADER = YES;
				CLANG_WARN_RANGE_LOOP_ANALYSIS = YES;
				CLANG_WARN_STRICT_PROTOTYPES = YES;
				CLANG_WARN_SUSPICIOUS_MOVE = YES;
				CLANG_WARN_UNGUARDED_AVAILABILITY = YES_AGGRESSIVE;
				CLANG_WARN_UNREACHABLE_CODE = YES;
				CLANG_WARN__DUPLICATE_METHOD_MATCH = YES;
				COPY_PHASE_STRIP = NO;
				DEBUG_INFORMATION_FORMAT = dwarf;
				ENABLE_STRICT_OBJC_MSGSEND = YES;
				ENABLE_TESTABILITY = YES;
				GCC_C_LANGUAGE_STANDARD = gnu11;
				GCC_DYNAMIC_NO_PIC = NO;
				GCC_NO_COMMON_BLOCKS = YES;
				GCC_OPTIMIZATION_LEVEL = 0;
				GCC_PREPROCESSOR_DEFINITIONS = (
					"DEBUG=1",
					"$(inherited)",
				);
				GCC_WARN_64_TO_32_BIT_CONVERSION = YES;
				GCC_WARN_ABOUT_RETURN_TYPE = YES_ERROR;
				GCC_WARN_UNDECLARED_SELECTOR = YES;
				GCC_WARN_UNINITIALIZED_AUTOS = YES_AGGRESSIVE;
				GCC_WARN_UNUSED_FUNCTION = YES;
				GCC_WARN_UNUSED_VARIABLE = YES;
				IPHONEOS_DEPLOYMENT_TARGET = 14.4;
				MTL_ENABLE_DEBUG_INFO = INCLUDE_SOURCE;
				MTL_FAST_MATH = YES;
				ONLY_ACTIVE_ARCH = YES;
				SDKROOT = iphoneos;
				SWIFT_ACTIVE_COMPILATION_CONDITIONS = DEBUG;
				SWIFT_OPTIMIZATION_LEVEL = "-Onone";
			};
			name = Debug;
		};
		D00D47CB25F4567C001CCF5C /* Release */ = {
			isa = XCBuildConfiguration;
			buildSettings = {
				ALWAYS_SEARCH_USER_PATHS = NO;
				CLANG_ANALYZER_NONNULL = YES;
				CLANG_ANALYZER_NUMBER_OBJECT_CONVERSION = YES_AGGRESSIVE;
				CLANG_CXX_LANGUAGE_STANDARD = "gnu++14";
				CLANG_CXX_LIBRARY = "libc++";
				CLANG_ENABLE_MODULES = YES;
				CLANG_ENABLE_OBJC_ARC = YES;
				CLANG_ENABLE_OBJC_WEAK = YES;
				CLANG_WARN_BLOCK_CAPTURE_AUTORELEASING = YES;
				CLANG_WARN_BOOL_CONVERSION = YES;
				CLANG_WARN_COMMA = YES;
				CLANG_WARN_CONSTANT_CONVERSION = YES;
				CLANG_WARN_DEPRECATED_OBJC_IMPLEMENTATIONS = YES;
				CLANG_WARN_DIRECT_OBJC_ISA_USAGE = YES_ERROR;
				CLANG_WARN_DOCUMENTATION_COMMENTS = YES;
				CLANG_WARN_EMPTY_BODY = YES;
				CLANG_WARN_ENUM_CONVERSION = YES;
				CLANG_WARN_INFINITE_RECURSION = YES;
				CLANG_WARN_INT_CONVERSION = YES;
				CLANG_WARN_NON_LITERAL_NULL_CONVERSION = YES;
				CLANG_WARN_OBJC_IMPLICIT_RETAIN_SELF = YES;
				CLANG_WARN_OBJC_LITERAL_CONVERSION = YES;
				CLANG_WARN_OBJC_ROOT_CLASS = YES_ERROR;
				CLANG_WARN_QUOTED_INCLUDE_IN_FRAMEWORK_HEADER = YES;
				CLANG_WARN_RANGE_LOOP_ANALYSIS = YES;
				CLANG_WARN_STRICT_PROTOTYPES = YES;
				CLANG_WARN_SUSPICIOUS_MOVE = YES;
				CLANG_WARN_UNGUARDED_AVAILABILITY = YES_AGGRESSIVE;
				CLANG_WARN_UNREACHABLE_CODE = YES;
				CLANG_WARN__DUPLICATE_METHOD_MATCH = YES;
				COPY_PHASE_STRIP = NO;
				DEBUG_INFORMATION_FORMAT = "dwarf-with-dsym";
				ENABLE_NS_ASSERTIONS = NO;
				ENABLE_STRICT_OBJC_MSGSEND = YES;
				GCC_C_LANGUAGE_STANDARD = gnu11;
				GCC_NO_COMMON_BLOCKS = YES;
				GCC_WARN_64_TO_32_BIT_CONVERSION = YES;
				GCC_WARN_ABOUT_RETURN_TYPE = YES_ERROR;
				GCC_WARN_UNDECLARED_SELECTOR = YES;
				GCC_WARN_UNINITIALIZED_AUTOS = YES_AGGRESSIVE;
				GCC_WARN_UNUSED_FUNCTION = YES;
				GCC_WARN_UNUSED_VARIABLE = YES;
				IPHONEOS_DEPLOYMENT_TARGET = 14.4;
				MTL_ENABLE_DEBUG_INFO = NO;
				MTL_FAST_MATH = YES;
				SDKROOT = iphoneos;
				SWIFT_COMPILATION_MODE = wholemodule;
				SWIFT_OPTIMIZATION_LEVEL = "-O";
				VALIDATE_PRODUCT = YES;
			};
			name = Release;
		};
		D00D47CD25F4567C001CCF5C /* Debug */ = {
			isa = XCBuildConfiguration;
			buildSettings = {
				ASSETCATALOG_COMPILER_APPICON_NAME = AppIcon;
				ASSETCATALOG_COMPILER_GLOBAL_ACCENT_COLOR_NAME = AccentColor;
				CODE_SIGN_STYLE = Automatic;
				DEVELOPMENT_TEAM = P5K8TA2LRA;
				INFOPLIST_FILE = Parstagram/Info.plist;
				LD_RUNPATH_SEARCH_PATHS = (
					"$(inherited)",
					"@executable_path/Frameworks",
				);
				PRODUCT_BUNDLE_IDENTIFIER = SJ.Parstagram;
				PRODUCT_NAME = "$(TARGET_NAME)";
				SWIFT_VERSION = 5.0;
				TARGETED_DEVICE_FAMILY = "1,2";
			};
			name = Debug;
		};
		D00D47CE25F4567C001CCF5C /* Release */ = {
			isa = XCBuildConfiguration;
			buildSettings = {
				ASSETCATALOG_COMPILER_APPICON_NAME = AppIcon;
				ASSETCATALOG_COMPILER_GLOBAL_ACCENT_COLOR_NAME = AccentColor;
				CODE_SIGN_STYLE = Automatic;
				DEVELOPMENT_TEAM = P5K8TA2LRA;
				INFOPLIST_FILE = Parstagram/Info.plist;
				LD_RUNPATH_SEARCH_PATHS = (
					"$(inherited)",
					"@executable_path/Frameworks",
				);
				PRODUCT_BUNDLE_IDENTIFIER = SJ.Parstagram;
				PRODUCT_NAME = "$(TARGET_NAME)";
				SWIFT_VERSION = 5.0;
				TARGETED_DEVICE_FAMILY = "1,2";
			};
			name = Release;
		};
		D00D47D025F4567C001CCF5C /* Debug */ = {
			isa = XCBuildConfiguration;
			buildSettings = {
				ALWAYS_EMBED_SWIFT_STANDARD_LIBRARIES = YES;
				BUNDLE_LOADER = "$(TEST_HOST)";
				CODE_SIGN_STYLE = Automatic;
				DEVELOPMENT_TEAM = P5K8TA2LRA;
				INFOPLIST_FILE = ParstagramTests/Info.plist;
				IPHONEOS_DEPLOYMENT_TARGET = 14.4;
				LD_RUNPATH_SEARCH_PATHS = (
					"$(inherited)",
					"@executable_path/Frameworks",
					"@loader_path/Frameworks",
				);
				PRODUCT_BUNDLE_IDENTIFIER = SJ.ParstagramTests;
				PRODUCT_NAME = "$(TARGET_NAME)";
				SWIFT_VERSION = 5.0;
				TARGETED_DEVICE_FAMILY = "1,2";
				TEST_HOST = "$(BUILT_PRODUCTS_DIR)/Parstagram.app/Parstagram";
			};
			name = Debug;
		};
		D00D47D125F4567C001CCF5C /* Release */ = {
			isa = XCBuildConfiguration;
			buildSettings = {
				ALWAYS_EMBED_SWIFT_STANDARD_LIBRARIES = YES;
				BUNDLE_LOADER = "$(TEST_HOST)";
				CODE_SIGN_STYLE = Automatic;
				DEVELOPMENT_TEAM = P5K8TA2LRA;
				INFOPLIST_FILE = ParstagramTests/Info.plist;
				IPHONEOS_DEPLOYMENT_TARGET = 14.4;
				LD_RUNPATH_SEARCH_PATHS = (
					"$(inherited)",
					"@executable_path/Frameworks",
					"@loader_path/Frameworks",
				);
				PRODUCT_BUNDLE_IDENTIFIER = SJ.ParstagramTests;
				PRODUCT_NAME = "$(TARGET_NAME)";
				SWIFT_VERSION = 5.0;
				TARGETED_DEVICE_FAMILY = "1,2";
				TEST_HOST = "$(BUILT_PRODUCTS_DIR)/Parstagram.app/Parstagram";
			};
			name = Release;
		};
		D00D47D325F4567C001CCF5C /* Debug */ = {
			isa = XCBuildConfiguration;
			buildSettings = {
				ALWAYS_EMBED_SWIFT_STANDARD_LIBRARIES = YES;
				CODE_SIGN_STYLE = Automatic;
				DEVELOPMENT_TEAM = P5K8TA2LRA;
				INFOPLIST_FILE = ParstagramUITests/Info.plist;
				LD_RUNPATH_SEARCH_PATHS = (
					"$(inherited)",
					"@executable_path/Frameworks",
					"@loader_path/Frameworks",
				);
				PRODUCT_BUNDLE_IDENTIFIER = SJ.ParstagramUITests;
				PRODUCT_NAME = "$(TARGET_NAME)";
				SWIFT_VERSION = 5.0;
				TARGETED_DEVICE_FAMILY = "1,2";
				TEST_TARGET_NAME = Parstagram;
			};
			name = Debug;
		};
		D00D47D425F4567C001CCF5C /* Release */ = {
			isa = XCBuildConfiguration;
			buildSettings = {
				ALWAYS_EMBED_SWIFT_STANDARD_LIBRARIES = YES;
				CODE_SIGN_STYLE = Automatic;
				DEVELOPMENT_TEAM = P5K8TA2LRA;
				INFOPLIST_FILE = ParstagramUITests/Info.plist;
				LD_RUNPATH_SEARCH_PATHS = (
					"$(inherited)",
					"@executable_path/Frameworks",
					"@loader_path/Frameworks",
				);
				PRODUCT_BUNDLE_IDENTIFIER = SJ.ParstagramUITests;
				PRODUCT_NAME = "$(TARGET_NAME)";
				SWIFT_VERSION = 5.0;
				TARGETED_DEVICE_FAMILY = "1,2";
				TEST_TARGET_NAME = Parstagram;
			};
			name = Release;
		};
/* End XCBuildConfiguration section */

/* Begin XCConfigurationList section */
		D00D479D25F4567B001CCF5C /* Build configuration list for PBXProject "Parstagram" */ = {
			isa = XCConfigurationList;
			buildConfigurations = (
				D00D47CA25F4567C001CCF5C /* Debug */,
				D00D47CB25F4567C001CCF5C /* Release */,
			);
			defaultConfigurationIsVisible = 0;
			defaultConfigurationName = Release;
		};
		D00D47CC25F4567C001CCF5C /* Build configuration list for PBXNativeTarget "Parstagram" */ = {
			isa = XCConfigurationList;
			buildConfigurations = (
				D00D47CD25F4567C001CCF5C /* Debug */,
				D00D47CE25F4567C001CCF5C /* Release */,
			);
			defaultConfigurationIsVisible = 0;
			defaultConfigurationName = Release;
		};
		D00D47CF25F4567C001CCF5C /* Build configuration list for PBXNativeTarget "ParstagramTests" */ = {
			isa = XCConfigurationList;
			buildConfigurations = (
				D00D47D025F4567C001CCF5C /* Debug */,
				D00D47D125F4567C001CCF5C /* Release */,
			);
			defaultConfigurationIsVisible = 0;
			defaultConfigurationName = Release;
		};
		D00D47D225F4567C001CCF5C /* Build configuration list for PBXNativeTarget "ParstagramUITests" */ = {
			isa = XCConfigurationList;
			buildConfigurations = (
				D00D47D325F4567C001CCF5C /* Debug */,
				D00D47D425F4567C001CCF5C /* Release */,
			);
			defaultConfigurationIsVisible = 0;
			defaultConfigurationName = Release;
		};
/* End XCConfigurationList section */
	};
	rootObject = D00D479A25F4567B001CCF5C /* Project object */;
}
